
Microsoft Visual Studio Solution File, Format Version 12.00
# Visual Studio Version 16
VisualStudioVersion = 25.0.1706.3
MinimumVisualStudioVersion = 10.0.40219.1
Project("{FAE04EC0-301F-11D3-BF4B-00C04F79EFBC}") = "Privacy", "Privacy\Privacy.csproj", "{942AAFBB-9DD2-4B8F-BE13-C7CB3EFCDC61}"
EndProject
Project("{2150E333-8FDC-42A3-9474-1A3956D46DE8}") = "Solution Items", "Solution Items", "{659FFC1F-12E9-4E7E-838D-431F5AD185B1}"
	ProjectSection(SolutionItems) = preProject
		.editorconfig = .editorconfig
	EndProjectSection
EndProject
Global
	GlobalSection(SolutionConfigurationPlatforms) = preSolution
		Debug|Any CPU = Debug|Any CPU
		Release|Any CPU = Release|Any CPU
	EndGlobalSection
	GlobalSection(ProjectConfigurationPlatforms) = postSolution
		{942AAFBB-9DD2-4B8F-BE13-C7CB3EFCDC61}.Debug|Any CPU.ActiveCfg = Debug|Any CPU
		{942AAFBB-9DD2-4B8F-BE13-C7CB3EFCDC61}.Debug|Any CPU.Build.0 = Debug|Any CPU
		{942AAFBB-9DD2-4B8F-BE13-C7CB3EFCDC61}.Release|Any CPU.ActiveCfg = Release|Any CPU
		{942AAFBB-9DD2-4B8F-BE13-C7CB3EFCDC61}.Release|Any CPU.Build.0 = Release|Any CPU
	EndGlobalSection
	GlobalSection(SolutionProperties) = preSolution
		HideSolutionNode = FALSE
	EndGlobalSection
	GlobalSection(ExtensibilityGlobals) = postSolution
		SolutionGuid = {29BA197E-F344-4CFE-B6BF-FF321F1EA507}
	EndGlobalSection
EndGlobal
